
Microsoft Visual Studio Solution File, Format Version 12.00
# Visual Studio Version 16
VisualStudioVersion = 16.0.30804.86
MinimumVisualStudioVersion = 10.0.40219.1
Project("{9A19103F-16F7-4668-BE54-9A1E7A4F7556}") = "TheCave", "Game3-dodge fall\TheCave.csproj", "{53A2DB7C-ADF1-4E8B-8DF0-5E48FB5C8DA6}"
EndProject
Global
	GlobalSection(SolutionConfigurationPlatforms) = preSolution
		Debug|Any CPU = Debug|Any CPU
		Release|Any CPU = Release|Any CPU
	EndGlobalSection
	GlobalSection(ProjectConfigurationPlatforms) = postSolution
		{53A2DB7C-ADF1-4E8B-8DF0-5E48FB5C8DA6}.Debug|Any CPU.ActiveCfg = Debug|Any CPU
		{53A2DB7C-ADF1-4E8B-8DF0-5E48FB5C8DA6}.Debug|Any CPU.Build.0 = Debug|Any CPU
		{53A2DB7C-ADF1-4E8B-8DF0-5E48FB5C8DA6}.Release|Any CPU.ActiveCfg = Release|Any CPU
		{53A2DB7C-ADF1-4E8B-8DF0-5E48FB5C8DA6}.Release|Any CPU.Build.0 = Release|Any CPU
	EndGlobalSection
	GlobalSection(SolutionProperties) = preSolution
		HideSolutionNode = FALSE
	EndGlobalSection
	GlobalSection(ExtensibilityGlobals) = postSolution
		SolutionGuid = {AC76CA2A-1D7C-4A2B-92D1-1E2364291F41}
	EndGlobalSection
EndGlobal
